
Microsoft Visual Studio Solution File, Format Version 12.00
# Visual Studio 15
VisualStudioVersion = 15.0.27130.2010
MinimumVisualStudioVersion = 10.0.40219.1
Project("{FAE04EC0-301F-11D3-BF4B-00C04F79EFBC}") = "RomanNumerals.App", "RomanNumerals.App\RomanNumerals.App.csproj", "{9BA3B5AE-61B4-4AA5-A06E-7AA830D11659}"
EndProject
Global
	GlobalSection(SolutionConfigurationPlatforms) = preSolution
		Debug|Any CPU = Debug|Any CPU
		Release|Any CPU = Release|Any CPU
	EndGlobalSection
	GlobalSection(ProjectConfigurationPlatforms) = postSolution
		{9BA3B5AE-61B4-4AA5-A06E-7AA830D11659}.Debug|Any CPU.ActiveCfg = Debug|Any CPU
		{9BA3B5AE-61B4-4AA5-A06E-7AA830D11659}.Debug|Any CPU.Build.0 = Debug|Any CPU
		{9BA3B5AE-61B4-4AA5-A06E-7AA830D11659}.Release|Any CPU.ActiveCfg = Release|Any CPU
		{9BA3B5AE-61B4-4AA5-A06E-7AA830D11659}.Release|Any CPU.Build.0 = Release|Any CPU
	EndGlobalSection
	GlobalSection(SolutionProperties) = preSolution
		HideSolutionNode = FALSE
	EndGlobalSection
	GlobalSection(ExtensibilityGlobals) = postSolution
		SolutionGuid = {2D361AF0-400C-4041-9399-C2F0523F4B66}
	EndGlobalSection
EndGlobal
